// !$*UTF8*$!
{
	archiveVersion = 1;
	classes = {
	};
	objectVersion = 50;
	objects = {

/* Begin PBXBuildFile section */
		2F312EB4C30050488F758B26 /* Pods_AppStoreCloneTests.framework in Frameworks */ = {isa = PBXBuildFile; fileRef = F69FAE6ABCA57CE6ABC2B22C /* Pods_AppStoreCloneTests.framework */; };
		646995B624D40689E5EE2042 /* Pods_AppStoreClone.framework in Frameworks */ = {isa = PBXBuildFile; fileRef = 981097651E5DEFEB5D62C1CE /* Pods_AppStoreClone.framework */; };
		B603D757221AFCC300E9E594 /* AppDelegate.swift in Sources */ = {isa = PBXBuildFile; fileRef = B603D756221AFCC300E9E594 /* AppDelegate.swift */; };
		B603D759221AFCC300E9E594 /* ViewController.swift in Sources */ = {isa = PBXBuildFile; fileRef = B603D758221AFCC300E9E594 /* ViewController.swift */; };
		B603D75C221AFCC300E9E594 /* Main.storyboard in Resources */ = {isa = PBXBuildFile; fileRef = B603D75A221AFCC300E9E594 /* Main.storyboard */; };
		B603D75E221AFCC400E9E594 /* Assets.xcassets in Resources */ = {isa = PBXBuildFile; fileRef = B603D75D221AFCC400E9E594 /* Assets.xcassets */; };
		B603D761221AFCC400E9E594 /* LaunchScreen.storyboard in Resources */ = {isa = PBXBuildFile; fileRef = B603D75F221AFCC400E9E594 /* LaunchScreen.storyboard */; };
		B603D76C221AFCC400E9E594 /* AppStoreCloneTests.swift in Sources */ = {isa = PBXBuildFile; fileRef = B603D76B221AFCC400E9E594 /* AppStoreCloneTests.swift */; };
		B603D777221AFFFA00E9E594 /* BaseTabBarController.swift in Sources */ = {isa = PBXBuildFile; fileRef = B603D776221AFFFA00E9E594 /* BaseTabBarController.swift */; };
		B603D77A221B08AA00E9E594 /* AppsSearchVC.swift in Sources */ = {isa = PBXBuildFile; fileRef = B603D779221B08AA00E9E594 /* AppsSearchVC.swift */; };
		B603D77D221B0E8700E9E594 /* SearchResultCell.swift in Sources */ = {isa = PBXBuildFile; fileRef = B603D77C221B0E8700E9E594 /* SearchResultCell.swift */; };
		B603D780221B157800E9E594 /* UIView+Layout.swift in Sources */ = {isa = PBXBuildFile; fileRef = B603D77F221B157800E9E594 /* UIView+Layout.swift */; };
		B603D782221B19CE00E9E594 /* VerticalStackView.swift in Sources */ = {isa = PBXBuildFile; fileRef = B603D781221B19CE00E9E594 /* VerticalStackView.swift */; };
		B603D785221BE9C500E9E594 /* SearchResult.swift in Sources */ = {isa = PBXBuildFile; fileRef = B603D784221BE9C500E9E594 /* SearchResult.swift */; };
		B603D788221BEDBD00E9E594 /* Service.swift in Sources */ = {isa = PBXBuildFile; fileRef = B603D787221BEDBD00E9E594 /* Service.swift */; };
		B62599832258BF1D00F30A8D /* Constants.swift in Sources */ = {isa = PBXBuildFile; fileRef = B62599822258BF1D00F30A8D /* Constants.swift */; };
		B62EED522250E7A2001C63E2 /* TodayVC+Extentions.swift in Sources */ = {isa = PBXBuildFile; fileRef = B62EED512250E7A2001C63E2 /* TodayVC+Extentions.swift */; };
		B632941E222BF3D000B477EA /* TodayVC.swift in Sources */ = {isa = PBXBuildFile; fileRef = B632941D222BF3D000B477EA /* TodayVC.swift */; };
		B6329421222BF46500B477EA /* TodayCell.swift in Sources */ = {isa = PBXBuildFile; fileRef = B6329420222BF46500B477EA /* TodayCell.swift */; };
		B6329423222BFD5D00B477EA /* AppFullScreenVC.swift in Sources */ = {isa = PBXBuildFile; fileRef = B6329422222BFD5D00B477EA /* AppFullScreenVC.swift */; };
		B6329425222C002D00B477EA /* AppFullScreenDescriptionCell.swift in Sources */ = {isa = PBXBuildFile; fileRef = B6329424222C002D00B477EA /* AppFullScreenDescriptionCell.swift */; };
		B63FC57C22213BD8003300D7 /* ReviewRowCell.swift in Sources */ = {isa = PBXBuildFile; fileRef = B63FC57B22213BD8003300D7 /* ReviewRowCell.swift */; };
		B63FC57E22213DCE003300D7 /* ReviewsController.swift in Sources */ = {isa = PBXBuildFile; fileRef = B63FC57D22213DCE003300D7 /* ReviewsController.swift */; };
		B63FC58022213FAA003300D7 /* ReviewCell.swift in Sources */ = {isa = PBXBuildFile; fileRef = B63FC57F22213FAA003300D7 /* ReviewCell.swift */; };
		B642BD08223BB7EC00977DD6 /* AppFullscreenHeaderCell.swift in Sources */ = {isa = PBXBuildFile; fileRef = B642BD07223BB7EC00977DD6 /* AppFullscreenHeaderCell.swift */; };
		B642BD0A223BC14F00977DD6 /* TodayItem.swift in Sources */ = {isa = PBXBuildFile; fileRef = B642BD09223BC14F00977DD6 /* TodayItem.swift */; };
		B642BD0C223D1A8300977DD6 /* TodayMulptipleAppCell.swift in Sources */ = {isa = PBXBuildFile; fileRef = B642BD0B223D1A8300977DD6 /* TodayMulptipleAppCell.swift */; };
		B642BD0E223D202400977DD6 /* BaseTodayCell.swift in Sources */ = {isa = PBXBuildFile; fileRef = B642BD0D223D202400977DD6 /* BaseTodayCell.swift */; };
		B642BD10223D21C200977DD6 /* TodayMultipleAppController.swift in Sources */ = {isa = PBXBuildFile; fileRef = B642BD0F223D21C200977DD6 /* TodayMultipleAppController.swift */; };
		B642BD12223D221300977DD6 /* MultipleAppCell.swift in Sources */ = {isa = PBXBuildFile; fileRef = B642BD11223D221300977DD6 /* MultipleAppCell.swift */; };
		B642BD14223D674900977DD6 /* BackEnabledNavigationController.swift in Sources */ = {isa = PBXBuildFile; fileRef = B642BD13223D674900977DD6 /* BackEnabledNavigationController.swift */; };
		B658785F221EA3F00016A25C /* AppDetailController.swift in Sources */ = {isa = PBXBuildFile; fileRef = B658785E221EA3F00016A25C /* AppDetailController.swift */; };
		B6587862221EC7E40016A25C /* AppDetailCell.swift in Sources */ = {isa = PBXBuildFile; fileRef = B6587861221EC7E40016A25C /* AppDetailCell.swift */; };
		B687BA3B22205710001C33CD /* PreviewCell.swift in Sources */ = {isa = PBXBuildFile; fileRef = B687BA3A22205710001C33CD /* PreviewCell.swift */; };
		B687BA3D22205901001C33CD /* PreviewScreenshotController.swift in Sources */ = {isa = PBXBuildFile; fileRef = B687BA3C22205901001C33CD /* PreviewScreenshotController.swift */; };
		B687BA3F22205A74001C33CD /* ScreenShotCell.swift in Sources */ = {isa = PBXBuildFile; fileRef = B687BA3E22205A74001C33CD /* ScreenShotCell.swift */; };
		B6D34EA02223E590003B1398 /* Reviews.swift in Sources */ = {isa = PBXBuildFile; fileRef = B6D34E9F2223E590003B1398 /* Reviews.swift */; };
		B6DCE270221C36E100294C3C /* AppsPageVC.swift in Sources */ = {isa = PBXBuildFile; fileRef = B6DCE26F221C36E100294C3C /* AppsPageVC.swift */; };
		B6DCE273221C377100294C3C /* BaseListVC.swift in Sources */ = {isa = PBXBuildFile; fileRef = B6DCE272221C377100294C3C /* BaseListVC.swift */; };
		B6DCE277221C397A00294C3C /* AppsGroupCell.swift in Sources */ = {isa = PBXBuildFile; fileRef = B6DCE276221C397900294C3C /* AppsGroupCell.swift */; };
		B6DCE279221C3C1D00294C3C /* AppsHorizontalVC.swift in Sources */ = {isa = PBXBuildFile; fileRef = B6DCE278221C3C1D00294C3C /* AppsHorizontalVC.swift */; };
		B6DCE27B221C43A000294C3C /* AppRowCell.swift in Sources */ = {isa = PBXBuildFile; fileRef = B6DCE27A221C43A000294C3C /* AppRowCell.swift */; };
		B6DCE27D221C443D00294C3C /* Extentiosn.swift in Sources */ = {isa = PBXBuildFile; fileRef = B6DCE27C221C443D00294C3C /* Extentiosn.swift */; };
		B6DCE27F221C4B6800294C3C /* AppsPageHeader.swift in Sources */ = {isa = PBXBuildFile; fileRef = B6DCE27E221C4B6800294C3C /* AppsPageHeader.swift */; };
		B6DCE281221C4CAB00294C3C /* AppsHeaderHorizontalVC.swift in Sources */ = {isa = PBXBuildFile; fileRef = B6DCE280221C4CAB00294C3C /* AppsHeaderHorizontalVC.swift */; };
		B6DCE283221C4E0100294C3C /* AppsHeaderCell.swift in Sources */ = {isa = PBXBuildFile; fileRef = B6DCE282221C4E0100294C3C /* AppsHeaderCell.swift */; };
		B6DCE285221D499C00294C3C /* AppGroup.swift in Sources */ = {isa = PBXBuildFile; fileRef = B6DCE284221D499C00294C3C /* AppGroup.swift */; };
		B6DCE287221D660D00294C3C /* SocialApp.swift in Sources */ = {isa = PBXBuildFile; fileRef = B6DCE286221D660D00294C3C /* SocialApp.swift */; };
		B6FB5A79221D8DE10080F20F /* HorizontalSnappingVC.swift in Sources */ = {isa = PBXBuildFile; fileRef = B6FB5A78221D8DE10080F20F /* HorizontalSnappingVC.swift */; };
		B6FB5A7B221DAE9B0080F20F /* SnappingLayout.swift in Sources */ = {isa = PBXBuildFile; fileRef = B6FB5A7A221DAE9B0080F20F /* SnappingLayout.swift */; };
/* End PBXBuildFile section */

/* Begin PBXContainerItemProxy section */
		B603D768221AFCC400E9E594 /* PBXContainerItemProxy */ = {
			isa = PBXContainerItemProxy;
			containerPortal = B603D74B221AFCC300E9E594 /* Project object */;
			proxyType = 1;
			remoteGlobalIDString = B603D752221AFCC300E9E594;
			remoteInfo = AppStoreClone;
		};
/* End PBXContainerItemProxy section */

/* Begin PBXFileReference section */
		4F19996F3B6664514292E762 /* Pods-AppStoreCloneTests.debug.xcconfig */ = {isa = PBXFileReference; includeInIndex = 1; lastKnownFileType = text.xcconfig; name = "Pods-AppStoreCloneTests.debug.xcconfig"; path = "Pods/Target Support Files/Pods-AppStoreCloneTests/Pods-AppStoreCloneTests.debug.xcconfig"; sourceTree = "<group>"; };
		97ED9451786ADB1598D49E74 /* Pods-AppStoreClone.release.xcconfig */ = {isa = PBXFileReference; includeInIndex = 1; lastKnownFileType = text.xcconfig; name = "Pods-AppStoreClone.release.xcconfig"; path = "Pods/Target Support Files/Pods-AppStoreClone/Pods-AppStoreClone.release.xcconfig"; sourceTree = "<group>"; };
		981097651E5DEFEB5D62C1CE /* Pods_AppStoreClone.framework */ = {isa = PBXFileReference; explicitFileType = wrapper.framework; includeInIndex = 0; path = Pods_AppStoreClone.framework; sourceTree = BUILT_PRODUCTS_DIR; };
		99300FF4F9608166B39D46F5 /* Pods-AppStoreCloneTests.release.xcconfig */ = {isa = PBXFileReference; includeInIndex = 1; lastKnownFileType = text.xcconfig; name = "Pods-AppStoreCloneTests.release.xcconfig"; path = "Pods/Target Support Files/Pods-AppStoreCloneTests/Pods-AppStoreCloneTests.release.xcconfig"; sourceTree = "<group>"; };
		ADC6129EAE5D2C82EFDF21AA /* Pods-AppStoreClone.debug.xcconfig */ = {isa = PBXFileReference; includeInIndex = 1; lastKnownFileType = text.xcconfig; name = "Pods-AppStoreClone.debug.xcconfig"; path = "Pods/Target Support Files/Pods-AppStoreClone/Pods-AppStoreClone.debug.xcconfig"; sourceTree = "<group>"; };
		B603D753221AFCC300E9E594 /* AppStoreClone.app */ = {isa = PBXFileReference; explicitFileType = wrapper.application; includeInIndex = 0; path = AppStoreClone.app; sourceTree = BUILT_PRODUCTS_DIR; };
		B603D756221AFCC300E9E594 /* AppDelegate.swift */ = {isa = PBXFileReference; lastKnownFileType = sourcecode.swift; path = AppDelegate.swift; sourceTree = "<group>"; };
		B603D758221AFCC300E9E594 /* ViewController.swift */ = {isa = PBXFileReference; lastKnownFileType = sourcecode.swift; path = ViewController.swift; sourceTree = "<group>"; };
		B603D75B221AFCC300E9E594 /* Base */ = {isa = PBXFileReference; lastKnownFileType = file.storyboard; name = Base; path = Base.lproj/Main.storyboard; sourceTree = "<group>"; };
		B603D75D221AFCC400E9E594 /* Assets.xcassets */ = {isa = PBXFileReference; lastKnownFileType = folder.assetcatalog; path = Assets.xcassets; sourceTree = "<group>"; };
		B603D760221AFCC400E9E594 /* Base */ = {isa = PBXFileReference; lastKnownFileType = file.storyboard; name = Base; path = Base.lproj/LaunchScreen.storyboard; sourceTree = "<group>"; };
		B603D762221AFCC400E9E594 /* Info.plist */ = {isa = PBXFileReference; lastKnownFileType = text.plist.xml; path = Info.plist; sourceTree = "<group>"; };
		B603D767221AFCC400E9E594 /* AppStoreCloneTests.xctest */ = {isa = PBXFileReference; explicitFileType = wrapper.cfbundle; includeInIndex = 0; path = AppStoreCloneTests.xctest; sourceTree = BUILT_PRODUCTS_DIR; };
		B603D76B221AFCC400E9E594 /* AppStoreCloneTests.swift */ = {isa = PBXFileReference; lastKnownFileType = sourcecode.swift; path = AppStoreCloneTests.swift; sourceTree = "<group>"; };
		B603D76D221AFCC400E9E594 /* Info.plist */ = {isa = PBXFileReference; lastKnownFileType = text.plist.xml; path = Info.plist; sourceTree = "<group>"; };
		B603D776221AFFFA00E9E594 /* BaseTabBarController.swift */ = {isa = PBXFileReference; lastKnownFileType = sourcecode.swift; path = BaseTabBarController.swift; sourceTree = "<group>"; };
		B603D779221B08AA00E9E594 /* AppsSearchVC.swift */ = {isa = PBXFileReference; lastKnownFileType = sourcecode.swift; path = AppsSearchVC.swift; sourceTree = "<group>"; };
		B603D77C221B0E8700E9E594 /* SearchResultCell.swift */ = {isa = PBXFileReference; lastKnownFileType = sourcecode.swift; path = SearchResultCell.swift; sourceTree = "<group>"; };
		B603D77F221B157800E9E594 /* UIView+Layout.swift */ = {isa = PBXFileReference; lastKnownFileType = sourcecode.swift; path = "UIView+Layout.swift"; sourceTree = "<group>"; };
		B603D781221B19CE00E9E594 /* VerticalStackView.swift */ = {isa = PBXFileReference; lastKnownFileType = sourcecode.swift; path = VerticalStackView.swift; sourceTree = "<group>"; };
		B603D784221BE9C500E9E594 /* SearchResult.swift */ = {isa = PBXFileReference; lastKnownFileType = sourcecode.swift; path = SearchResult.swift; sourceTree = "<group>"; };
		B603D787221BEDBD00E9E594 /* Service.swift */ = {isa = PBXFileReference; lastKnownFileType = sourcecode.swift; path = Service.swift; sourceTree = "<group>"; };
		B62599822258BF1D00F30A8D /* Constants.swift */ = {isa = PBXFileReference; lastKnownFileType = sourcecode.swift; path = Constants.swift; sourceTree = "<group>"; };
		B62EED512250E7A2001C63E2 /* TodayVC+Extentions.swift */ = {isa = PBXFileReference; lastKnownFileType = sourcecode.swift; path = "TodayVC+Extentions.swift"; sourceTree = "<group>"; };
		B632941D222BF3D000B477EA /* TodayVC.swift */ = {isa = PBXFileReference; lastKnownFileType = sourcecode.swift; path = TodayVC.swift; sourceTree = "<group>"; };
		B6329420222BF46500B477EA /* TodayCell.swift */ = {isa = PBXFileReference; lastKnownFileType = sourcecode.swift; path = TodayCell.swift; sourceTree = "<group>"; };
		B6329422222BFD5D00B477EA /* AppFullScreenVC.swift */ = {isa = PBXFileReference; lastKnownFileType = sourcecode.swift; path = AppFullScreenVC.swift; sourceTree = "<group>"; };
		B6329424222C002D00B477EA /* AppFullScreenDescriptionCell.swift */ = {isa = PBXFileReference; lastKnownFileType = sourcecode.swift; path = AppFullScreenDescriptionCell.swift; sourceTree = "<group>"; };
		B63FC57B22213BD8003300D7 /* ReviewRowCell.swift */ = {isa = PBXFileReference; lastKnownFileType = sourcecode.swift; path = ReviewRowCell.swift; sourceTree = "<group>"; };
		B63FC57D22213DCE003300D7 /* ReviewsController.swift */ = {isa = PBXFileReference; lastKnownFileType = sourcecode.swift; path = ReviewsController.swift; sourceTree = "<group>"; };
		B63FC57F22213FAA003300D7 /* ReviewCell.swift */ = {isa = PBXFileReference; lastKnownFileType = sourcecode.swift; path = ReviewCell.swift; sourceTree = "<group>"; };
		B642BD07223BB7EC00977DD6 /* AppFullscreenHeaderCell.swift */ = {isa = PBXFileReference; lastKnownFileType = sourcecode.swift; path = AppFullscreenHeaderCell.swift; sourceTree = "<group>"; };
		B642BD09223BC14F00977DD6 /* TodayItem.swift */ = {isa = PBXFileReference; lastKnownFileType = sourcecode.swift; path = TodayItem.swift; sourceTree = "<group>"; };
		B642BD0B223D1A8300977DD6 /* TodayMulptipleAppCell.swift */ = {isa = PBXFileReference; lastKnownFileType = sourcecode.swift; path = TodayMulptipleAppCell.swift; sourceTree = "<group>"; };
		B642BD0D223D202400977DD6 /* BaseTodayCell.swift */ = {isa = PBXFileReference; lastKnownFileType = sourcecode.swift; path = BaseTodayCell.swift; sourceTree = "<group>"; };
		B642BD0F223D21C200977DD6 /* TodayMultipleAppController.swift */ = {isa = PBXFileReference; lastKnownFileType = sourcecode.swift; path = TodayMultipleAppController.swift; sourceTree = "<group>"; };
		B642BD11223D221300977DD6 /* MultipleAppCell.swift */ = {isa = PBXFileReference; lastKnownFileType = sourcecode.swift; path = MultipleAppCell.swift; sourceTree = "<group>"; };
		B642BD13223D674900977DD6 /* BackEnabledNavigationController.swift */ = {isa = PBXFileReference; lastKnownFileType = sourcecode.swift; path = BackEnabledNavigationController.swift; sourceTree = "<group>"; };
		B658785E221EA3F00016A25C /* AppDetailController.swift */ = {isa = PBXFileReference; lastKnownFileType = sourcecode.swift; path = AppDetailController.swift; sourceTree = "<group>"; };
		B6587861221EC7E40016A25C /* AppDetailCell.swift */ = {isa = PBXFileReference; lastKnownFileType = sourcecode.swift; path = AppDetailCell.swift; sourceTree = "<group>"; };
		B687BA3A22205710001C33CD /* PreviewCell.swift */ = {isa = PBXFileReference; lastKnownFileType = sourcecode.swift; path = PreviewCell.swift; sourceTree = "<group>"; };
		B687BA3C22205901001C33CD /* PreviewScreenshotController.swift */ = {isa = PBXFileReference; lastKnownFileType = sourcecode.swift; path = PreviewScreenshotController.swift; sourceTree = "<group>"; };
		B687BA3E22205A74001C33CD /* ScreenShotCell.swift */ = {isa = PBXFileReference; lastKnownFileType = sourcecode.swift; path = ScreenShotCell.swift; sourceTree = "<group>"; };
		B6D34E9F2223E590003B1398 /* Reviews.swift */ = {isa = PBXFileReference; lastKnownFileType = sourcecode.swift; path = Reviews.swift; sourceTree = "<group>"; };
		B6DCE26F221C36E100294C3C /* AppsPageVC.swift */ = {isa = PBXFileReference; lastKnownFileType = sourcecode.swift; path = AppsPageVC.swift; sourceTree = "<group>"; };
		B6DCE272221C377100294C3C /* BaseListVC.swift */ = {isa = PBXFileReference; lastKnownFileType = sourcecode.swift; path = BaseListVC.swift; sourceTree = "<group>"; };
		B6DCE276221C397900294C3C /* AppsGroupCell.swift */ = {isa = PBXFileReference; lastKnownFileType = sourcecode.swift; path = AppsGroupCell.swift; sourceTree = "<group>"; };
		B6DCE278221C3C1D00294C3C /* AppsHorizontalVC.swift */ = {isa = PBXFileReference; lastKnownFileType = sourcecode.swift; path = AppsHorizontalVC.swift; sourceTree = "<group>"; };
		B6DCE27A221C43A000294C3C /* AppRowCell.swift */ = {isa = PBXFileReference; lastKnownFileType = sourcecode.swift; path = AppRowCell.swift; sourceTree = "<group>"; };
		B6DCE27C221C443D00294C3C /* Extentiosn.swift */ = {isa = PBXFileReference; lastKnownFileType = sourcecode.swift; path = Extentiosn.swift; sourceTree = "<group>"; };
		B6DCE27E221C4B6800294C3C /* AppsPageHeader.swift */ = {isa = PBXFileReference; lastKnownFileType = sourcecode.swift; path = AppsPageHeader.swift; sourceTree = "<group>"; };
		B6DCE280221C4CAB00294C3C /* AppsHeaderHorizontalVC.swift */ = {isa = PBXFileReference; lastKnownFileType = sourcecode.swift; path = AppsHeaderHorizontalVC.swift; sourceTree = "<group>"; };
		B6DCE282221C4E0100294C3C /* AppsHeaderCell.swift */ = {isa = PBXFileReference; lastKnownFileType = sourcecode.swift; path = AppsHeaderCell.swift; sourceTree = "<group>"; };
		B6DCE284221D499C00294C3C /* AppGroup.swift */ = {isa = PBXFileReference; lastKnownFileType = sourcecode.swift; path = AppGroup.swift; sourceTree = "<group>"; };
		B6DCE286221D660D00294C3C /* SocialApp.swift */ = {isa = PBXFileReference; lastKnownFileType = sourcecode.swift; path = SocialApp.swift; sourceTree = "<group>"; };
		B6FB5A78221D8DE10080F20F /* HorizontalSnappingVC.swift */ = {isa = PBXFileReference; lastKnownFileType = sourcecode.swift; path = HorizontalSnappingVC.swift; sourceTree = "<group>"; };
		B6FB5A7A221DAE9B0080F20F /* SnappingLayout.swift */ = {isa = PBXFileReference; lastKnownFileType = sourcecode.swift; path = SnappingLayout.swift; sourceTree = "<group>"; };
		F69FAE6ABCA57CE6ABC2B22C /* Pods_AppStoreCloneTests.framework */ = {isa = PBXFileReference; explicitFileType = wrapper.framework; includeInIndex = 0; path = Pods_AppStoreCloneTests.framework; sourceTree = BUILT_PRODUCTS_DIR; };
/* End PBXFileReference section */

/* Begin PBXFrameworksBuildPhase section */
		B603D750221AFCC300E9E594 /* Frameworks */ = {
			isa = PBXFrameworksBuildPhase;
			buildActionMask = 2147483647;
			files = (
				646995B624D40689E5EE2042 /* Pods_AppStoreClone.framework in Frameworks */,
			);
			runOnlyForDeploymentPostprocessing = 0;
		};
		B603D764221AFCC400E9E594 /* Frameworks */ = {
			isa = PBXFrameworksBuildPhase;
			buildActionMask = 2147483647;
			files = (
				2F312EB4C30050488F758B26 /* Pods_AppStoreCloneTests.framework in Frameworks */,
			);
			runOnlyForDeploymentPostprocessing = 0;
		};
/* End PBXFrameworksBuildPhase section */

/* Begin PBXGroup section */
		45BCC1B5223805E5F60A6B25 /* Pods */ = {
			isa = PBXGroup;
			children = (
				ADC6129EAE5D2C82EFDF21AA /* Pods-AppStoreClone.debug.xcconfig */,
				97ED9451786ADB1598D49E74 /* Pods-AppStoreClone.release.xcconfig */,
				4F19996F3B6664514292E762 /* Pods-AppStoreCloneTests.debug.xcconfig */,
				99300FF4F9608166B39D46F5 /* Pods-AppStoreCloneTests.release.xcconfig */,
			);
			name = Pods;
			sourceTree = "<group>";
		};
		B603D74A221AFCC300E9E594 = {
			isa = PBXGroup;
			children = (
				B603D755221AFCC300E9E594 /* AppStoreClone */,
				B603D76A221AFCC400E9E594 /* AppStoreCloneTests */,
				B603D754221AFCC300E9E594 /* Products */,
				45BCC1B5223805E5F60A6B25 /* Pods */,
				DDAD4BFC1899245537E3B98E /* Frameworks */,
			);
			sourceTree = "<group>";
		};
		B603D754221AFCC300E9E594 /* Products */ = {
			isa = PBXGroup;
			children = (
				B603D753221AFCC300E9E594 /* AppStoreClone.app */,
				B603D767221AFCC400E9E594 /* AppStoreCloneTests.xctest */,
			);
			name = Products;
			sourceTree = "<group>";
		};
		B603D755221AFCC300E9E594 /* AppStoreClone */ = {
			isa = PBXGroup;
			children = (
				B603D786221BEDA800E9E594 /* Service */,
				B603D783221BE9B200E9E594 /* Model */,
				B603D77E221B14FC00E9E594 /* Helpers */,
				B603D77B221B0E5E00E9E594 /* Views */,
				B603D778221B088200E9E594 /* Controller */,
				B603D756221AFCC300E9E594 /* AppDelegate.swift */,
				B603D758221AFCC300E9E594 /* ViewController.swift */,
				B603D75A221AFCC300E9E594 /* Main.storyboard */,
				B603D75D221AFCC400E9E594 /* Assets.xcassets */,
				B603D75F221AFCC400E9E594 /* LaunchScreen.storyboard */,
				B603D762221AFCC400E9E594 /* Info.plist */,
			);
			path = AppStoreClone;
			sourceTree = "<group>";
		};
		B603D76A221AFCC400E9E594 /* AppStoreCloneTests */ = {
			isa = PBXGroup;
			children = (
				B603D76B221AFCC400E9E594 /* AppStoreCloneTests.swift */,
				B603D76D221AFCC400E9E594 /* Info.plist */,
			);
			path = AppStoreCloneTests;
			sourceTree = "<group>";
		};
		B603D778221B088200E9E594 /* Controller */ = {
			isa = PBXGroup;
			children = (
				B642BD13223D674900977DD6 /* BackEnabledNavigationController.swift */,
				B632941C222BF3C100B477EA /* Today */,
				B658785D221EA3DF0016A25C /* Details */,
				B6DCE274221C38B600294C3C /* Search */,
				B6DCE271221C36E500294C3C /* Apps */,
				B603D776221AFFFA00E9E594 /* BaseTabBarController.swift */,
				B6DCE272221C377100294C3C /* BaseListVC.swift */,
				B6FB5A78221D8DE10080F20F /* HorizontalSnappingVC.swift */,
			);
			path = Controller;
			sourceTree = "<group>";
		};
		B603D77B221B0E5E00E9E594 /* Views */ = {
			isa = PBXGroup;
			children = (
				B632941F222BF44A00B477EA /* Today */,
				B6587860221EC7C20016A25C /* Details */,
				B6DCE275221C396900294C3C /* Apps */,
				B603D77C221B0E8700E9E594 /* SearchResultCell.swift */,
			);
			path = Views;
			sourceTree = "<group>";
		};
		B603D77E221B14FC00E9E594 /* Helpers */ = {
			isa = PBXGroup;
			children = (
				B603D77F221B157800E9E594 /* UIView+Layout.swift */,
				B603D781221B19CE00E9E594 /* VerticalStackView.swift */,
				B6DCE27C221C443D00294C3C /* Extentiosn.swift */,
				B6FB5A7A221DAE9B0080F20F /* SnappingLayout.swift */,
				B62EED512250E7A2001C63E2 /* TodayVC+Extentions.swift */,
				B62599822258BF1D00F30A8D /* Constants.swift */,
			);
			path = Helpers;
			sourceTree = "<group>";
		};
		B603D783221BE9B200E9E594 /* Model */ = {
			isa = PBXGroup;
			children = (
				B603D784221BE9C500E9E594 /* SearchResult.swift */,
				B6DCE284221D499C00294C3C /* AppGroup.swift */,
				B6DCE286221D660D00294C3C /* SocialApp.swift */,
				B6D34E9F2223E590003B1398 /* Reviews.swift */,
				B642BD09223BC14F00977DD6 /* TodayItem.swift */,
			);
			path = Model;
			sourceTree = "<group>";
		};
		B603D786221BEDA800E9E594 /* Service */ = {
			isa = PBXGroup;
			children = (
				B603D787221BEDBD00E9E594 /* Service.swift */,
			);
			path = Service;
			sourceTree = "<group>";
		};
		B632941C222BF3C100B477EA /* Today */ = {
			isa = PBXGroup;
			children = (
				B632941D222BF3D000B477EA /* TodayVC.swift */,
				B6329422222BFD5D00B477EA /* AppFullScreenVC.swift */,
				B642BD0F223D21C200977DD6 /* TodayMultipleAppController.swift */,
			);
			path = Today;
			sourceTree = "<group>";
		};
		B632941F222BF44A00B477EA /* Today */ = {
			isa = PBXGroup;
			children = (
				B6329420222BF46500B477EA /* TodayCell.swift */,
				B6329424222C002D00B477EA /* AppFullScreenDescriptionCell.swift */,
				B642BD07223BB7EC00977DD6 /* AppFullscreenHeaderCell.swift */,
				B642BD0B223D1A8300977DD6 /* TodayMulptipleAppCell.swift */,
				B642BD0D223D202400977DD6 /* BaseTodayCell.swift */,
				B642BD11223D221300977DD6 /* MultipleAppCell.swift */,
			);
			path = Today;
			sourceTree = "<group>";
		};
		B658785D221EA3DF0016A25C /* Details */ = {
			isa = PBXGroup;
			children = (
				B658785E221EA3F00016A25C /* AppDetailController.swift */,
				B687BA3C22205901001C33CD /* PreviewScreenshotController.swift */,
				B63FC57D22213DCE003300D7 /* ReviewsController.swift */,
			);
			path = Details;
			sourceTree = "<group>";
		};
		B6587860221EC7C20016A25C /* Details */ = {
			isa = PBXGroup;
			children = (
				B6587861221EC7E40016A25C /* AppDetailCell.swift */,
				B687BA3A22205710001C33CD /* PreviewCell.swift */,
				B687BA3E22205A74001C33CD /* ScreenShotCell.swift */,
				B63FC57B22213BD8003300D7 /* ReviewRowCell.swift */,
				B63FC57F22213FAA003300D7 /* ReviewCell.swift */,
			);
			path = Details;
			sourceTree = "<group>";
		};
		B6DCE271221C36E500294C3C /* Apps */ = {
			isa = PBXGroup;
			children = (
				B6DCE280221C4CAB00294C3C /* AppsHeaderHorizontalVC.swift */,
				B6DCE26F221C36E100294C3C /* AppsPageVC.swift */,
				B6DCE278221C3C1D00294C3C /* AppsHorizontalVC.swift */,
			);
			path = Apps;
			sourceTree = "<group>";
		};
		B6DCE274221C38B600294C3C /* Search */ = {
			isa = PBXGroup;
			children = (
				B603D779221B08AA00E9E594 /* AppsSearchVC.swift */,
			);
			path = Search;
			sourceTree = "<group>";
		};
		B6DCE275221C396900294C3C /* Apps */ = {
			isa = PBXGroup;
			children = (
				B6DCE276221C397900294C3C /* AppsGroupCell.swift */,
				B6DCE27A221C43A000294C3C /* AppRowCell.swift */,
				B6DCE27E221C4B6800294C3C /* AppsPageHeader.swift */,
				B6DCE282221C4E0100294C3C /* AppsHeaderCell.swift */,
			);
			path = Apps;
			sourceTree = "<group>";
		};
		DDAD4BFC1899245537E3B98E /* Frameworks */ = {
			isa = PBXGroup;
			children = (
				981097651E5DEFEB5D62C1CE /* Pods_AppStoreClone.framework */,
				F69FAE6ABCA57CE6ABC2B22C /* Pods_AppStoreCloneTests.framework */,
			);
			name = Frameworks;
			sourceTree = "<group>";
		};
/* End PBXGroup section */

/* Begin PBXNativeTarget section */
		B603D752221AFCC300E9E594 /* AppStoreClone */ = {
			isa = PBXNativeTarget;
			buildConfigurationList = B603D770221AFCC400E9E594 /* Build configuration list for PBXNativeTarget "AppStoreClone" */;
			buildPhases = (
				5E82DF4480981FF5627C0C38 /* [CP] Check Pods Manifest.lock */,
				B603D74F221AFCC300E9E594 /* Sources */,
				B603D750221AFCC300E9E594 /* Frameworks */,
				B603D751221AFCC300E9E594 /* Resources */,
				78A067CD92CA0745C83B5EB0 /* [CP] Embed Pods Frameworks */,
				90BC161DAF540CD7EB5DD3C9 /* [CP] Copy Pods Resources */,
			);
			buildRules = (
			);
			dependencies = (
			);
			name = AppStoreClone;
			productName = AppStoreClone;
			productReference = B603D753221AFCC300E9E594 /* AppStoreClone.app */;
			productType = "com.apple.product-type.application";
		};
		B603D766221AFCC400E9E594 /* AppStoreCloneTests */ = {
			isa = PBXNativeTarget;
			buildConfigurationList = B603D773221AFCC400E9E594 /* Build configuration list for PBXNativeTarget "AppStoreCloneTests" */;
			buildPhases = (
				FAF13313E72C30D5C40FED82 /* [CP] Check Pods Manifest.lock */,
				B603D763221AFCC400E9E594 /* Sources */,
				B603D764221AFCC400E9E594 /* Frameworks */,
				B603D765221AFCC400E9E594 /* Resources */,
				B80A55541E6312B7DCDC7DBA /* [CP] Embed Pods Frameworks */,
				C7B99A20841EC67963640DF9 /* [CP] Copy Pods Resources */,
			);
			buildRules = (
			);
			dependencies = (
				B603D769221AFCC400E9E594 /* PBXTargetDependency */,
			);
			name = AppStoreCloneTests;
			productName = AppStoreCloneTests;
			productReference = B603D767221AFCC400E9E594 /* AppStoreCloneTests.xctest */;
			productType = "com.apple.product-type.bundle.unit-test";
		};
/* End PBXNativeTarget section */

/* Begin PBXProject section */
		B603D74B221AFCC300E9E594 /* Project object */ = {
			isa = PBXProject;
			attributes = {
				LastSwiftUpdateCheck = 1010;
				LastUpgradeCheck = 1010;
				ORGANIZATIONNAME = DocDevs;
				TargetAttributes = {
					B603D752221AFCC300E9E594 = {
						CreatedOnToolsVersion = 10.1;
					};
					B603D766221AFCC400E9E594 = {
						CreatedOnToolsVersion = 10.1;
						TestTargetID = B603D752221AFCC300E9E594;
					};
				};
			};
			buildConfigurationList = B603D74E221AFCC300E9E594 /* Build configuration list for PBXProject "AppStoreClone" */;
			compatibilityVersion = "Xcode 9.3";
			developmentRegion = en;
			hasScannedForEncodings = 0;
			knownRegions = (
				en,
				Base,
			);
			mainGroup = B603D74A221AFCC300E9E594;
			productRefGroup = B603D754221AFCC300E9E594 /* Products */;
			projectDirPath = "";
			projectRoot = "";
			targets = (
				B603D752221AFCC300E9E594 /* AppStoreClone */,
				B603D766221AFCC400E9E594 /* AppStoreCloneTests */,
			);
		};
/* End PBXProject section */

/* Begin PBXResourcesBuildPhase section */
		B603D751221AFCC300E9E594 /* Resources */ = {
			isa = PBXResourcesBuildPhase;
			buildActionMask = 2147483647;
			files = (
				B603D761221AFCC400E9E594 /* LaunchScreen.storyboard in Resources */,
				B603D75E221AFCC400E9E594 /* Assets.xcassets in Resources */,
				B603D75C221AFCC300E9E594 /* Main.storyboard in Resources */,
			);
			runOnlyForDeploymentPostprocessing = 0;
		};
		B603D765221AFCC400E9E594 /* Resources */ = {
			isa = PBXResourcesBuildPhase;
			buildActionMask = 2147483647;
			files = (
			);
			runOnlyForDeploymentPostprocessing = 0;
		};
/* End PBXResourcesBuildPhase section */

/* Begin PBXShellScriptBuildPhase section */
		5E82DF4480981FF5627C0C38 /* [CP] Check Pods Manifest.lock */ = {
			isa = PBXShellScriptBuildPhase;
			buildActionMask = 2147483647;
			files = (
			);
			inputPaths = (
				"${PODS_PODFILE_DIR_PATH}/Podfile.lock",
				"${PODS_ROOT}/Manifest.lock",
			);
			name = "[CP] Check Pods Manifest.lock";
			outputPaths = (
				"$(DERIVED_FILE_DIR)/Pods-AppStoreClone-checkManifestLockResult.txt",
			);
			runOnlyForDeploymentPostprocessing = 0;
			shellPath = /bin/sh;
			shellScript = "diff \"${PODS_PODFILE_DIR_PATH}/Podfile.lock\" \"${PODS_ROOT}/Manifest.lock\" > /dev/null\nif [ $? != 0 ] ; then\n    # print error to STDERR\n    echo \"error: The sandbox is not in sync with the Podfile.lock. Run 'pod install' or update your CocoaPods installation.\" >&2\n    exit 1\nfi\n# This output is used by Xcode 'outputs' to avoid re-running this script phase.\necho \"SUCCESS\" > \"${SCRIPT_OUTPUT_FILE_0}\"\n";
			showEnvVarsInLog = 0;
		};
		78A067CD92CA0745C83B5EB0 /* [CP] Embed Pods Frameworks */ = {
			isa = PBXShellScriptBuildPhase;
			buildActionMask = 2147483647;
			files = (
			);
			inputPaths = (
				"${SRCROOT}/Pods/Target Support Files/Pods-AppStoreClone/Pods-AppStoreClone-frameworks.sh",
				"${BUILT_PRODUCTS_DIR}/SDWebImage/SDWebImage.framework",
			);
			name = "[CP] Embed Pods Frameworks";
			outputPaths = (
				"${TARGET_BUILD_DIR}/${FRAMEWORKS_FOLDER_PATH}/SDWebImage.framework",
			);
			runOnlyForDeploymentPostprocessing = 0;
			shellPath = /bin/sh;
			shellScript = "\"${SRCROOT}/Pods/Target Support Files/Pods-AppStoreClone/Pods-AppStoreClone-frameworks.sh\"\n";
			showEnvVarsInLog = 0;
		};
		90BC161DAF540CD7EB5DD3C9 /* [CP] Copy Pods Resources */ = {
			isa = PBXShellScriptBuildPhase;
			buildActionMask = 2147483647;
			files = (
			);
			inputPaths = (
			);
			name = "[CP] Copy Pods Resources";
			outputPaths = (
			);
			runOnlyForDeploymentPostprocessing = 0;
			shellPath = /bin/sh;
			shellScript = "\"${SRCROOT}/Pods/Target Support Files/Pods-AppStoreClone/Pods-AppStoreClone-resources.sh\"\n";
			showEnvVarsInLog = 0;
		};
		B80A55541E6312B7DCDC7DBA /* [CP] Embed Pods Frameworks */ = {
			isa = PBXShellScriptBuildPhase;
			buildActionMask = 2147483647;
			files = (
			);
			inputPaths = (
			);
			name = "[CP] Embed Pods Frameworks";
			outputPaths = (
			);
			runOnlyForDeploymentPostprocessing = 0;
			shellPath = /bin/sh;
			shellScript = "\"${SRCROOT}/Pods/Target Support Files/Pods-AppStoreCloneTests/Pods-AppStoreCloneTests-frameworks.sh\"\n";
			showEnvVarsInLog = 0;
		};
		C7B99A20841EC67963640DF9 /* [CP] Copy Pods Resources */ = {
			isa = PBXShellScriptBuildPhase;
			buildActionMask = 2147483647;
			files = (
			);
			inputPaths = (
			);
			name = "[CP] Copy Pods Resources";
			outputPaths = (
			);
			runOnlyForDeploymentPostprocessing = 0;
			shellPath = /bin/sh;
			shellScript = "\"${SRCROOT}/Pods/Target Support Files/Pods-AppStoreCloneTests/Pods-AppStoreCloneTests-resources.sh\"\n";
			showEnvVarsInLog = 0;
		};
		FAF13313E72C30D5C40FED82 /* [CP] Check Pods Manifest.lock */ = {
			isa = PBXShellScriptBuildPhase;
			buildActionMask = 2147483647;
			files = (
			);
			inputPaths = (
				"${PODS_PODFILE_DIR_PATH}/Podfile.lock",
				"${PODS_ROOT}/Manifest.lock",
			);
			name = "[CP] Check Pods Manifest.lock";
			outputPaths = (
				"$(DERIVED_FILE_DIR)/Pods-AppStoreCloneTests-checkManifestLockResult.txt",
			);
			runOnlyForDeploymentPostprocessing = 0;
			shellPath = /bin/sh;
			shellScript = "diff \"${PODS_PODFILE_DIR_PATH}/Podfile.lock\" \"${PODS_ROOT}/Manifest.lock\" > /dev/null\nif [ $? != 0 ] ; then\n    # print error to STDERR\n    echo \"error: The sandbox is not in sync with the Podfile.lock. Run 'pod install' or update your CocoaPods installation.\" >&2\n    exit 1\nfi\n# This output is used by Xcode 'outputs' to avoid re-running this script phase.\necho \"SUCCESS\" > \"${SCRIPT_OUTPUT_FILE_0}\"\n";
			showEnvVarsInLog = 0;
		};
/* End PBXShellScriptBuildPhase section */

/* Begin PBXSourcesBuildPhase section */
		B603D74F221AFCC300E9E594 /* Sources */ = {
			isa = PBXSourcesBuildPhase;
			buildActionMask = 2147483647;
			files = (
				B642BD0C223D1A8300977DD6 /* TodayMulptipleAppCell.swift in Sources */,
				B603D77A221B08AA00E9E594 /* AppsSearchVC.swift in Sources */,
				B63FC58022213FAA003300D7 /* ReviewCell.swift in Sources */,
				B632941E222BF3D000B477EA /* TodayVC.swift in Sources */,
				B6FB5A7B221DAE9B0080F20F /* SnappingLayout.swift in Sources */,
				B6DCE281221C4CAB00294C3C /* AppsHeaderHorizontalVC.swift in Sources */,
				B642BD0E223D202400977DD6 /* BaseTodayCell.swift in Sources */,
				B6DCE287221D660D00294C3C /* SocialApp.swift in Sources */,
				B603D759221AFCC300E9E594 /* ViewController.swift in Sources */,
				B6DCE285221D499C00294C3C /* AppGroup.swift in Sources */,
				B6329421222BF46500B477EA /* TodayCell.swift in Sources */,
				B603D785221BE9C500E9E594 /* SearchResult.swift in Sources */,
				B6FB5A79221D8DE10080F20F /* HorizontalSnappingVC.swift in Sources */,
				B6DCE283221C4E0100294C3C /* AppsHeaderCell.swift in Sources */,
				B6DCE279221C3C1D00294C3C /* AppsHorizontalVC.swift in Sources */,
				B642BD0A223BC14F00977DD6 /* TodayItem.swift in Sources */,
				B642BD08223BB7EC00977DD6 /* AppFullscreenHeaderCell.swift in Sources */,
				B6587862221EC7E40016A25C /* AppDetailCell.swift in Sources */,
				B642BD14223D674900977DD6 /* BackEnabledNavigationController.swift in Sources */,
				B642BD10223D21C200977DD6 /* TodayMultipleAppController.swift in Sources */,
				B603D780221B157800E9E594 /* UIView+Layout.swift in Sources */,
				B6329423222BFD5D00B477EA /* AppFullScreenVC.swift in Sources */,
				B603D757221AFCC300E9E594 /* AppDelegate.swift in Sources */,
				B62599832258BF1D00F30A8D /* Constants.swift in Sources */,
				B6DCE27B221C43A000294C3C /* AppRowCell.swift in Sources */,
				B603D788221BEDBD00E9E594 /* Service.swift in Sources */,
				B6DCE273221C377100294C3C /* BaseListVC.swift in Sources */,
				B687BA3D22205901001C33CD /* PreviewScreenshotController.swift in Sources */,
				B6DCE27F221C4B6800294C3C /* AppsPageHeader.swift in Sources */,
				B63FC57E22213DCE003300D7 /* ReviewsController.swift in Sources */,
				B687BA3B22205710001C33CD /* PreviewCell.swift in Sources */,
				B6DCE277221C397A00294C3C /* AppsGroupCell.swift in Sources */,
				B642BD12223D221300977DD6 /* MultipleAppCell.swift in Sources */,
				B62EED522250E7A2001C63E2 /* TodayVC+Extentions.swift in Sources */,
				B6329425222C002D00B477EA /* AppFullScreenDescriptionCell.swift in Sources */,
				B687BA3F22205A74001C33CD /* ScreenShotCell.swift in Sources */,
				B6D34EA02223E590003B1398 /* Reviews.swift in Sources */,
				B603D777221AFFFA00E9E594 /* BaseTabBarController.swift in Sources */,
				B658785F221EA3F00016A25C /* AppDetailController.swift in Sources */,
				B603D77D221B0E8700E9E594 /* SearchResultCell.swift in Sources */,
				B63FC57C22213BD8003300D7 /* ReviewRowCell.swift in Sources */,
				B6DCE27D221C443D00294C3C /* Extentiosn.swift in Sources */,
				B6DCE270221C36E100294C3C /* AppsPageVC.swift in Sources */,
				B603D782221B19CE00E9E594 /* VerticalStackView.swift in Sources */,
			);
			runOnlyForDeploymentPostprocessing = 0;
		};
		B603D763221AFCC400E9E594 /* Sources */ = {
			isa = PBXSourcesBuildPhase;
			buildActionMask = 2147483647;
			files = (
				B603D76C221AFCC400E9E594 /* AppStoreCloneTests.swift in Sources */,
			);
			runOnlyForDeploymentPostprocessing = 0;
		};
/* End PBXSourcesBuildPhase section */

/* Begin PBXTargetDependency section */
		B603D769221AFCC400E9E594 /* PBXTargetDependency */ = {
			isa = PBXTargetDependency;
			target = B603D752221AFCC300E9E594 /* AppStoreClone */;
			targetProxy = B603D768221AFCC400E9E594 /* PBXContainerItemProxy */;
		};
/* End PBXTargetDependency section */

/* Begin PBXVariantGroup section */
		B603D75A221AFCC300E9E594 /* Main.storyboard */ = {
			isa = PBXVariantGroup;
			children = (
				B603D75B221AFCC300E9E594 /* Base */,
			);
			name = Main.storyboard;
			sourceTree = "<group>";
		};
		B603D75F221AFCC400E9E594 /* LaunchScreen.storyboard */ = {
			isa = PBXVariantGroup;
			children = (
				B603D760221AFCC400E9E594 /* Base */,
			);
			name = LaunchScreen.storyboard;
			sourceTree = "<group>";
		};
/* End PBXVariantGroup section */

/* Begin XCBuildConfiguration section */
		B603D76E221AFCC400E9E594 /* Debug */ = {
			isa = XCBuildConfiguration;
			buildSettings = {
				ALWAYS_SEARCH_USER_PATHS = NO;
				CLANG_ANALYZER_NONNULL = YES;
				CLANG_ANALYZER_NUMBER_OBJECT_CONVERSION = YES_AGGRESSIVE;
				CLANG_CXX_LANGUAGE_STANDARD = "gnu++14";
				CLANG_CXX_LIBRARY = "libc++";
				CLANG_ENABLE_MODULES = YES;
				CLANG_ENABLE_OBJC_ARC = YES;
				CLANG_ENABLE_OBJC_WEAK = YES;
				CLANG_WARN_BLOCK_CAPTURE_AUTORELEASING = YES;
				CLANG_WARN_BOOL_CONVERSION = YES;
				CLANG_WARN_COMMA = YES;
				CLANG_WARN_CONSTANT_CONVERSION = YES;
				CLANG_WARN_DEPRECATED_OBJC_IMPLEMENTATIONS = YES;
				CLANG_WARN_DIRECT_OBJC_ISA_USAGE = YES_ERROR;
				CLANG_WARN_DOCUMENTATION_COMMENTS = YES;
				CLANG_WARN_EMPTY_BODY = YES;
				CLANG_WARN_ENUM_CONVERSION = YES;
				CLANG_WARN_INFINITE_RECURSION = YES;
				CLANG_WARN_INT_CONVERSION = YES;
				CLANG_WARN_NON_LITERAL_NULL_CONVERSION = YES;
				CLANG_WARN_OBJC_IMPLICIT_RETAIN_SELF = YES;
				CLANG_WARN_OBJC_LITERAL_CONVERSION = YES;
				CLANG_WARN_OBJC_ROOT_CLASS = YES_ERROR;
				CLANG_WARN_RANGE_LOOP_ANALYSIS = YES;
				CLANG_WARN_STRICT_PROTOTYPES = YES;
				CLANG_WARN_SUSPICIOUS_MOVE = YES;
				CLANG_WARN_UNGUARDED_AVAILABILITY = YES_AGGRESSIVE;
				CLANG_WARN_UNREACHABLE_CODE = YES;
				CLANG_WARN__DUPLICATE_METHOD_MATCH = YES;
				CODE_SIGN_IDENTITY = "iPhone Developer";
				COPY_PHASE_STRIP = NO;
				DEBUG_INFORMATION_FORMAT = dwarf;
				ENABLE_STRICT_OBJC_MSGSEND = YES;
				ENABLE_TESTABILITY = YES;
				GCC_C_LANGUAGE_STANDARD = gnu11;
				GCC_DYNAMIC_NO_PIC = NO;
				GCC_NO_COMMON_BLOCKS = YES;
				GCC_OPTIMIZATION_LEVEL = 0;
				GCC_PREPROCESSOR_DEFINITIONS = (
					"DEBUG=1",
					"$(inherited)",
				);
				GCC_WARN_64_TO_32_BIT_CONVERSION = YES;
				GCC_WARN_ABOUT_RETURN_TYPE = YES_ERROR;
				GCC_WARN_UNDECLARED_SELECTOR = YES;
				GCC_WARN_UNINITIALIZED_AUTOS = YES_AGGRESSIVE;
				GCC_WARN_UNUSED_FUNCTION = YES;
				GCC_WARN_UNUSED_VARIABLE = YES;
				IPHONEOS_DEPLOYMENT_TARGET = 12.1;
				MTL_ENABLE_DEBUG_INFO = INCLUDE_SOURCE;
				MTL_FAST_MATH = YES;
				ONLY_ACTIVE_ARCH = YES;
				SDKROOT = iphoneos;
				SWIFT_ACTIVE_COMPILATION_CONDITIONS = DEBUG;
				SWIFT_OPTIMIZATION_LEVEL = "-Onone";
			};
			name = Debug;
		};
		B603D76F221AFCC400E9E594 /* Release */ = {
			isa = XCBuildConfiguration;
			buildSettings = {
				ALWAYS_SEARCH_USER_PATHS = NO;
				CLANG_ANALYZER_NONNULL = YES;
				CLANG_ANALYZER_NUMBER_OBJECT_CONVERSION = YES_AGGRESSIVE;
				CLANG_CXX_LANGUAGE_STANDARD = "gnu++14";
				CLANG_CXX_LIBRARY = "libc++";
				CLANG_ENABLE_MODULES = YES;
				CLANG_ENABLE_OBJC_ARC = YES;
				CLANG_ENABLE_OBJC_WEAK = YES;
				CLANG_WARN_BLOCK_CAPTURE_AUTORELEASING = YES;
				CLANG_WARN_BOOL_CONVERSION = YES;
				CLANG_WARN_COMMA = YES;
				CLANG_WARN_CONSTANT_CONVERSION = YES;
				CLANG_WARN_DEPRECATED_OBJC_IMPLEMENTATIONS = YES;
				CLANG_WARN_DIRECT_OBJC_ISA_USAGE = YES_ERROR;
				CLANG_WARN_DOCUMENTATION_COMMENTS = YES;
				CLANG_WARN_EMPTY_BODY = YES;
				CLANG_WARN_ENUM_CONVERSION = YES;
				CLANG_WARN_INFINITE_RECURSION = YES;
				CLANG_WARN_INT_CONVERSION = YES;
				CLANG_WARN_NON_LITERAL_NULL_CONVERSION = YES;
				CLANG_WARN_OBJC_IMPLICIT_RETAIN_SELF = YES;
				CLANG_WARN_OBJC_LITERAL_CONVERSION = YES;
				CLANG_WARN_OBJC_ROOT_CLASS = YES_ERROR;
				CLANG_WARN_RANGE_LOOP_ANALYSIS = YES;
				CLANG_WARN_STRICT_PROTOTYPES = YES;
				CLANG_WARN_SUSPICIOUS_MOVE = YES;
				CLANG_WARN_UNGUARDED_AVAILABILITY = YES_AGGRESSIVE;
				CLANG_WARN_UNREACHABLE_CODE = YES;
				CLANG_WARN__DUPLICATE_METHOD_MATCH = YES;
				CODE_SIGN_IDENTITY = "iPhone Developer";
				COPY_PHASE_STRIP = NO;
				DEBUG_INFORMATION_FORMAT = "dwarf-with-dsym";
				ENABLE_NS_ASSERTIONS = NO;
				ENABLE_STRICT_OBJC_MSGSEND = YES;
				GCC_C_LANGUAGE_STANDARD = gnu11;
				GCC_NO_COMMON_BLOCKS = YES;
				GCC_WARN_64_TO_32_BIT_CONVERSION = YES;
				GCC_WARN_ABOUT_RETURN_TYPE = YES_ERROR;
				GCC_WARN_UNDECLARED_SELECTOR = YES;
				GCC_WARN_UNINITIALIZED_AUTOS = YES_AGGRESSIVE;
				GCC_WARN_UNUSED_FUNCTION = YES;
				GCC_WARN_UNUSED_VARIABLE = YES;
				IPHONEOS_DEPLOYMENT_TARGET = 12.1;
				MTL_ENABLE_DEBUG_INFO = NO;
				MTL_FAST_MATH = YES;
				SDKROOT = iphoneos;
				SWIFT_COMPILATION_MODE = wholemodule;
				SWIFT_OPTIMIZATION_LEVEL = "-O";
				VALIDATE_PRODUCT = YES;
			};
			name = Release;
		};
		B603D771221AFCC400E9E594 /* Debug */ = {
			isa = XCBuildConfiguration;
			baseConfigurationReference = ADC6129EAE5D2C82EFDF21AA /* Pods-AppStoreClone.debug.xcconfig */;
			buildSettings = {
				ASSETCATALOG_COMPILER_APPICON_NAME = AppIcon;
				CODE_SIGN_STYLE = Automatic;
				DEVELOPMENT_TEAM = UHJSHJ73VS;
				INFOPLIST_FILE = AppStoreClone/Info.plist;
				LD_RUNPATH_SEARCH_PATHS = (
					"$(inherited)",
					"@executable_path/Frameworks",
				);
				PRODUCT_BUNDLE_IDENTIFIER = com.ayon.AppStoreClone;
				PRODUCT_NAME = "$(TARGET_NAME)";
				SWIFT_VERSION = 4.2;
				TARGETED_DEVICE_FAMILY = "1,2";
			};
			name = Debug;
		};
		B603D772221AFCC400E9E594 /* Release */ = {
			isa = XCBuildConfiguration;
			baseConfigurationReference = 97ED9451786ADB1598D49E74 /* Pods-AppStoreClone.release.xcconfig */;
			buildSettings = {
				ASSETCATALOG_COMPILER_APPICON_NAME = AppIcon;
				CODE_SIGN_STYLE = Automatic;
				DEVELOPMENT_TEAM = UHJSHJ73VS;
				INFOPLIST_FILE = AppStoreClone/Info.plist;
				LD_RUNPATH_SEARCH_PATHS = (
					"$(inherited)",
					"@executable_path/Frameworks",
				);
				PRODUCT_BUNDLE_IDENTIFIER = com.ayon.AppStoreClone;
				PRODUCT_NAME = "$(TARGET_NAME)";
				SWIFT_VERSION = 4.2;
				TARGETED_DEVICE_FAMILY = "1,2";
			};
			name = Release;
		};
		B603D774221AFCC400E9E594 /* Debug */ = {
			isa = XCBuildConfiguration;
			baseConfigurationReference = 4F19996F3B6664514292E762 /* Pods-AppStoreCloneTests.debug.xcconfig */;
			buildSettings = {
				ALWAYS_EMBED_SWIFT_STANDARD_LIBRARIES = YES;
				BUNDLE_LOADER = "$(TEST_HOST)";
				CODE_SIGN_STYLE = Automatic;
				DEVELOPMENT_TEAM = UHJSHJ73VS;
				INFOPLIST_FILE = AppStoreCloneTests/Info.plist;
				LD_RUNPATH_SEARCH_PATHS = (
					"$(inherited)",
					"@executable_path/Frameworks",
					"@loader_path/Frameworks",
				);
				PRODUCT_BUNDLE_IDENTIFIER = com.ayon.AppStoreCloneTests;
				PRODUCT_NAME = "$(TARGET_NAME)";
				SWIFT_VERSION = 4.2;
				TARGETED_DEVICE_FAMILY = "1,2";
				TEST_HOST = "$(BUILT_PRODUCTS_DIR)/AppStoreClone.app/AppStoreClone";
			};
			name = Debug;
		};
		B603D775221AFCC400E9E594 /* Release */ = {
			isa = XCBuildConfiguration;
			baseConfigurationReference = 99300FF4F9608166B39D46F5 /* Pods-AppStoreCloneTests.release.xcconfig */;
			buildSettings = {
				ALWAYS_EMBED_SWIFT_STANDARD_LIBRARIES = YES;
				BUNDLE_LOADER = "$(TEST_HOST)";
				CODE_SIGN_STYLE = Automatic;
				DEVELOPMENT_TEAM = UHJSHJ73VS;
				INFOPLIST_FILE = AppStoreCloneTests/Info.plist;
				LD_RUNPATH_SEARCH_PATHS = (
					"$(inherited)",
					"@executable_path/Frameworks",
					"@loader_path/Frameworks",
				);
				PRODUCT_BUNDLE_IDENTIFIER = com.ayon.AppStoreCloneTests;
				PRODUCT_NAME = "$(TARGET_NAME)";
				SWIFT_VERSION = 4.2;
				TARGETED_DEVICE_FAMILY = "1,2";
				TEST_HOST = "$(BUILT_PRODUCTS_DIR)/AppStoreClone.app/AppStoreClone";
			};
			name = Release;
		};
/* End XCBuildConfiguration section */

/* Begin XCConfigurationList section */
		B603D74E221AFCC300E9E594 /* Build configuration list for PBXProject "AppStoreClone" */ = {
			isa = XCConfigurationList;
			buildConfigurations = (
				B603D76E221AFCC400E9E594 /* Debug */,
				B603D76F221AFCC400E9E594 /* Release */,
			);
			defaultConfigurationIsVisible = 0;
			defaultConfigurationName = Release;
		};
		B603D770221AFCC400E9E594 /* Build configuration list for PBXNativeTarget "AppStoreClone" */ = {
			isa = XCConfigurationList;
			buildConfigurations = (
				B603D771221AFCC400E9E594 /* Debug */,
				B603D772221AFCC400E9E594 /* Release */,
			);
			defaultConfigurationIsVisible = 0;
			defaultConfigurationName = Release;
		};
		B603D773221AFCC400E9E594 /* Build configuration list for PBXNativeTarget "AppStoreCloneTests" */ = {
			isa = XCConfigurationList;
			buildConfigurations = (
				B603D774221AFCC400E9E594 /* Debug */,
				B603D775221AFCC400E9E594 /* Release */,
			);
			defaultConfigurationIsVisible = 0;
			defaultConfigurationName = Release;
		};
/* End XCConfigurationList section */
	};
	rootObject = B603D74B221AFCC300E9E594 /* Project object */;
}
